{
  "name": "admin",
  "version": "1.0.0",
  "lockfileVersion": 3,
  "requires": true,
  "packages": {
    "": {
      "name": "admin",
      "version": "1.0.0",
      "dependencies": {
        "@sveltia/cms": "*"
      }
    },
    "node_modules/@sveltia/cms": {
      "version": "0.105.2",
      "resolved": "https://registry.npmjs.org/@sveltia/cms/-/cms-0.105.2.tgz",
      "integrity": "sha512-YPjdmXAs0Iod3g36ocjAL59yjWIjmZqydqb7t3HZQPtA9mwXdb2eylk7aVUC9q3FNZ1vyQk6DIe46TnqD20Jwg==",
      "license": "MIT"
    }
  }
}
